
Microsoft Visual Studio Solution File, Format Version 12.00
# Visual Studio 14
VisualStudioVersion = 14.0.25420.1
MinimumVisualStudioVersion = 10.0.40219.1
Project("{A0786B88-2ADB-4C21-ABE8-AA2D79766269}") = "BijbelRotterdam.nl", "BijbelRotterdam.nl\BijbelRotterdam.nl.phpproj", "{8000E05B-AD6B-4BAA-AFF3-192DF8247E8A}"
EndProject
Global
	GlobalSection(SolutionConfigurationPlatforms) = preSolution
		Debug|Any CPU = Debug|Any CPU
		Release|Any CPU = Release|Any CPU
	EndGlobalSection
	GlobalSection(ProjectConfigurationPlatforms) = postSolution
		{8000E05B-AD6B-4BAA-AFF3-192DF8247E8A}.Debug|Any CPU.ActiveCfg = Debug|Any CPU
		{8000E05B-AD6B-4BAA-AFF3-192DF8247E8A}.Release|Any CPU.ActiveCfg = Release|Any CPU
	EndGlobalSection
	GlobalSection(SolutionProperties) = preSolution
		HideSolutionNode = FALSE
	EndGlobalSection
EndGlobal
